Microsoft Visual Studio Solution File, Format Version 12.00
# Visual Studio Version 17
VisualStudioVersion = 17.5.2.0
MinimumVisualStudioVersion = 10.0.40219.1
Project("{FAE04EC0-301F-11D3-BF4B-00C04F79EFBC}") = "SplunkInvestigator", "SplunkInvestigator.csproj", "{A9481F0C-07E1-7D7A-0CF5-D73630811425}"
EndProject
Global
	GlobalSection(SolutionConfigurationPlatforms) = preSolution
		Debug|Any CPU = Debug|Any CPU
		Release|Any CPU = Release|Any CPU
	EndGlobalSection
	GlobalSection(ProjectConfigurationPlatforms) = postSolution
		{A9481F0C-07E1-7D7A-0CF5-D73630811425}.Debug|Any CPU.ActiveCfg = Debug|Any CPU
		{A9481F0C-07E1-7D7A-0CF5-D73630811425}.Debug|Any CPU.Build.0 = Debug|Any CPU
		{A9481F0C-07E1-7D7A-0CF5-D73630811425}.Release|Any CPU.ActiveCfg = Release|Any CPU
		{A9481F0C-07E1-7D7A-0CF5-D73630811425}.Release|Any CPU.Build.0 = Release|Any CPU
	EndGlobalSection
	GlobalSection(SolutionProperties) = preSolution
		HideSolutionNode = FALSE
	EndGlobalSection
	GlobalSection(ExtensibilityGlobals) = postSolution
		SolutionGuid = {242BAB97-ED68-4762-A4DD-3FF69C381ABA}
	EndGlobalSection
EndGlobal
